
Microsoft Visual Studio Solution File, Format Version 12.00
# Visual Studio 15
VisualStudioVersion = 15.0.28307.779
MinimumVisualStudioVersion = 10.0.40219.1
Project("{9092AA53-FB77-4645-B42D-1CCCA6BD08BD}") = "TemperatureIoT", "TemperatureIoT\TemperatureIoT.njsproj", "{88C8AC6E-7328-448E-A229-E0D2D0BA86D7}"
EndProject
Global
	GlobalSection(SolutionConfigurationPlatforms) = preSolution
		Debug|Any CPU = Debug|Any CPU
		Release|Any CPU = Release|Any CPU
	EndGlobalSection
	GlobalSection(ProjectConfigurationPlatforms) = postSolution
		{88C8AC6E-7328-448E-A229-E0D2D0BA86D7}.Debug|Any CPU.ActiveCfg = Debug|Any CPU
		{88C8AC6E-7328-448E-A229-E0D2D0BA86D7}.Debug|Any CPU.Build.0 = Debug|Any CPU
		{88C8AC6E-7328-448E-A229-E0D2D0BA86D7}.Release|Any CPU.ActiveCfg = Release|Any CPU
		{88C8AC6E-7328-448E-A229-E0D2D0BA86D7}.Release|Any CPU.Build.0 = Release|Any CPU
	EndGlobalSection
	GlobalSection(SolutionProperties) = preSolution
		HideSolutionNode = FALSE
	EndGlobalSection
	GlobalSection(ExtensibilityGlobals) = postSolution
		SolutionGuid = {E8CD7123-9F92-45F0-8639-3EB1EB9DC324}
	EndGlobalSection
EndGlobal
